// !$*UTF8*$!
{
	archiveVersion = 1;
	classes = {
	};
	objectVersion = 46;
	objects = {

/* Begin PBXBuildFile section */
		300EF2961E72DBAB00F70D0C /* LaunchScreen.storyboard in Resources */ = {isa = PBXBuildFile; fileRef = 300EF2921E72DBAB00F70D0C /* LaunchScreen.storyboard */; };
		300EF2971E72DBAB00F70D0C /* Main.storyboard in Resources */ = {isa = PBXBuildFile; fileRef = 300EF2941E72DBAB00F70D0C /* Main.storyboard */; };
		300EF2991E72E4BD00F70D0C /* ItemButton.xib in Resources */ = {isa = PBXBuildFile; fileRef = 300EF2981E72E4BD00F70D0C /* ItemButton.xib */; };
		300EF29B1E72E5A300F70D0C /* ButtonsScroller.xib in Resources */ = {isa = PBXBuildFile; fileRef = 300EF29A1E72E5A300F70D0C /* ButtonsScroller.xib */; };
		303B63B01E7B126500466F9E /* DetailViewController.swift in Sources */ = {isa = PBXBuildFile; fileRef = 303B63AF1E7B126500466F9E /* DetailViewController.swift */; };
		303B63B21E7B141500466F9E /* Enumerations.swift in Sources */ = {isa = PBXBuildFile; fileRef = 303B63B11E7B141500466F9E /* Enumerations.swift */; };
		303B63B41E7B152D00466F9E /* Food.swift in Sources */ = {isa = PBXBuildFile; fileRef = 303B63B31E7B152D00466F9E /* Food.swift */; };
		30547E7F1E6A1BAE001758AF /* AppDelegate.swift in Sources */ = {isa = PBXBuildFile; fileRef = 30547E7E1E6A1BAE001758AF /* AppDelegate.swift */; };
		30547E811E6A1BAE001758AF /* ViewController.swift in Sources */ = {isa = PBXBuildFile; fileRef = 30547E801E6A1BAE001758AF /* ViewController.swift */; };
		30547E861E6A1BAE001758AF /* Assets.xcassets in Resources */ = {isa = PBXBuildFile; fileRef = 30547E851E6A1BAE001758AF /* Assets.xcassets */; };
		30547E921E6A225E001758AF /* Dessert.swift in Sources */ = {isa = PBXBuildFile; fileRef = 30547E911E6A225E001758AF /* Dessert.swift */; };
		30547E941E6D9B7F001758AF /* Drink.swift in Sources */ = {isa = PBXBuildFile; fileRef = 30547E931E6D9B7F001758AF /* Drink.swift */; };
		30547E961E6DA185001758AF /* Menu.swift in Sources */ = {isa = PBXBuildFile; fileRef = 30547E951E6DA185001758AF /* Menu.swift */; };
		30547E981E6DA30B001758AF /* DataSource.swift in Sources */ = {isa = PBXBuildFile; fileRef = 30547E971E6DA30B001758AF /* DataSource.swift */; };
		30B603071E816BCF002DE9FB /* ItemButton.swift in Sources */ = {isa = PBXBuildFile; fileRef = 30B603061E816BCF002DE9FB /* ItemButton.swift */; };
		30B603091E8177CA002DE9FB /* ButtonsScroller.swift in Sources */ = {isa = PBXBuildFile; fileRef = 30B603081E8177CA002DE9FB /* ButtonsScroller.swift */; };
/* End PBXBuildFile section */

/* Begin PBXFileReference section */
		300EF2931E72DBAB00F70D0C /* Base */ = {isa = PBXFileReference; lastKnownFileType = file.storyboard; name = Base; path = Base.lproj/LaunchScreen.storyboard; sourceTree = "<group>"; };
		300EF2951E72DBAB00F70D0C /* Base */ = {isa = PBXFileReference; lastKnownFileType = file.storyboard; name = Base; path = Base.lproj/Main.storyboard; sourceTree = "<group>"; };
		300EF2981E72E4BD00F70D0C /* ItemButton.xib */ = {isa = PBXFileReference; fileEncoding = 4; lastKnownFileType = file.xib; path = ItemButton.xib; sourceTree = "<group>"; };
		300EF29A1E72E5A300F70D0C /* ButtonsScroller.xib */ = {isa = PBXFileReference; fileEncoding = 4; lastKnownFileType = file.xib; path = ButtonsScroller.xib; sourceTree = "<group>"; };
		303B63AF1E7B126500466F9E /* DetailViewController.swift */ = {isa = PBXFileReference; fileEncoding = 4; lastKnownFileType = sourcecode.swift; path = DetailViewController.swift; sourceTree = "<group>"; };
		303B63B11E7B141500466F9E /* Enumerations.swift */ = {isa = PBXFileReference; fileEncoding = 4; lastKnownFileType = sourcecode.swift; path = Enumerations.swift; sourceTree = "<group>"; };
		303B63B31E7B152D00466F9E /* Food.swift */ = {isa = PBXFileReference; fileEncoding = 4; lastKnownFileType = sourcecode.swift; path = Food.swift; sourceTree = "<group>"; };
		30547E7B1E6A1BAE001758AF /* dessertsAndDrinks.app */ = {isa = PBXFileReference; explicitFileType = wrapper.application; includeInIndex = 0; path = dessertsAndDrinks.app; sourceTree = BUILT_PRODUCTS_DIR; };
		30547E7E1E6A1BAE001758AF /* AppDelegate.swift */ = {isa = PBXFileReference; lastKnownFileType = sourcecode.swift; path = AppDelegate.swift; sourceTree = "<group>"; };
		30547E801E6A1BAE001758AF /* ViewController.swift */ = {isa = PBXFileReference; lastKnownFileType = sourcecode.swift; path = ViewController.swift; sourceTree = "<group>"; };
		30547E851E6A1BAE001758AF /* Assets.xcassets */ = {isa = PBXFileReference; lastKnownFileType = folder.assetcatalog; path = Assets.xcassets; sourceTree = "<group>"; };
		30547E8A1E6A1BAE001758AF /* Info.plist */ = {isa = PBXFileReference; lastKnownFileType = text.plist.xml; path = Info.plist; sourceTree = "<group>"; };
		30547E911E6A225E001758AF /* Dessert.swift */ = {isa = PBXFileReference; fileEncoding = 4; lastKnownFileType = sourcecode.swift; path = Dessert.swift; sourceTree = "<group>"; };
		30547E931E6D9B7F001758AF /* Drink.swift */ = {isa = PBXFileReference; fileEncoding = 4; lastKnownFileType = sourcecode.swift; path = Drink.swift; sourceTree = "<group>"; };
		30547E951E6DA185001758AF /* Menu.swift */ = {isa = PBXFileReference; fileEncoding = 4; lastKnownFileType = sourcecode.swift; path = Menu.swift; sourceTree = "<group>"; };
		30547E971E6DA30B001758AF /* DataSource.swift */ = {isa = PBXFileReference; fileEncoding = 4; lastKnownFileType = sourcecode.swift; path = DataSource.swift; sourceTree = "<group>"; };
		30B603061E816BCF002DE9FB /* ItemButton.swift */ = {isa = PBXFileReference; fileEncoding = 4; lastKnownFileType = sourcecode.swift; path = ItemButton.swift; sourceTree = "<group>"; };
		30B603081E8177CA002DE9FB /* ButtonsScroller.swift */ = {isa = PBXFileReference; fileEncoding = 4; lastKnownFileType = sourcecode.swift; path = ButtonsScroller.swift; sourceTree = "<group>"; };
/* End PBXFileReference section */

/* Begin PBXFrameworksBuildPhase section */
		30547E781E6A1BAE001758AF /* Frameworks */ = {
			isa = PBXFrameworksBuildPhase;
			buildActionMask = 2147483647;
			files = (
			);
			runOnlyForDeploymentPostprocessing = 0;
		};
/* End PBXFrameworksBuildPhase section */

/* Begin PBXGroup section */
		300EF2911E72DBAB00F70D0C /* Views */ = {
			isa = PBXGroup;
			children = (
				300EF2921E72DBAB00F70D0C /* LaunchScreen.storyboard */,
				300EF2941E72DBAB00F70D0C /* Main.storyboard */,
				300EF2981E72E4BD00F70D0C /* ItemButton.xib */,
				300EF29A1E72E5A300F70D0C /* ButtonsScroller.xib */,
			);
			path = Views;
			sourceTree = "<group>";
		};
		303B63AE1E7B125100466F9E /* Controllers */ = {
			isa = PBXGroup;
			children = (
				303B63AF1E7B126500466F9E /* DetailViewController.swift */,
				30B603061E816BCF002DE9FB /* ItemButton.swift */,
				30B603081E8177CA002DE9FB /* ButtonsScroller.swift */,
			);
			path = Controllers;
			sourceTree = "<group>";
		};
		30547E721E6A1BAE001758AF = {
			isa = PBXGroup;
			children = (
				30547E7D1E6A1BAE001758AF /* dessertsAndDrinks */,
				30547E7C1E6A1BAE001758AF /* Products */,
			);
			sourceTree = "<group>";
		};
		30547E7C1E6A1BAE001758AF /* Products */ = {
			isa = PBXGroup;
			children = (
				30547E7B1E6A1BAE001758AF /* dessertsAndDrinks.app */,
			);
			name = Products;
			sourceTree = "<group>";
		};
		30547E7D1E6A1BAE001758AF /* dessertsAndDrinks */ = {
			isa = PBXGroup;
			children = (
				303B63AE1E7B125100466F9E /* Controllers */,
				300EF2911E72DBAB00F70D0C /* Views */,
				30547E901E6A224D001758AF /* Models */,
				30547E7E1E6A1BAE001758AF /* AppDelegate.swift */,
				30547E801E6A1BAE001758AF /* ViewController.swift */,
				30547E851E6A1BAE001758AF /* Assets.xcassets */,
				30547E8A1E6A1BAE001758AF /* Info.plist */,
			);
			path = dessertsAndDrinks;
			sourceTree = "<group>";
		};
		30547E901E6A224D001758AF /* Models */ = {
			isa = PBXGroup;
			children = (
				30547E911E6A225E001758AF /* Dessert.swift */,
				30547E931E6D9B7F001758AF /* Drink.swift */,
				30547E951E6DA185001758AF /* Menu.swift */,
				30547E971E6DA30B001758AF /* DataSource.swift */,
				303B63B11E7B141500466F9E /* Enumerations.swift */,
				303B63B31E7B152D00466F9E /* Food.swift */,
			);
			path = Models;
			sourceTree = "<group>";
		};
/* End PBXGroup section */

/* Begin PBXNativeTarget section */
		30547E7A1E6A1BAE001758AF /* dessertsAndDrinks */ = {
			isa = PBXNativeTarget;
			buildConfigurationList = 30547E8D1E6A1BAE001758AF /* Build configuration list for PBXNativeTarget "dessertsAndDrinks" */;
			buildPhases = (
				30547E771E6A1BAE001758AF /* Sources */,
				30547E781E6A1BAE001758AF /* Frameworks */,
				30547E791E6A1BAE001758AF /* Resources */,
			);
			buildRules = (
			);
			dependencies = (
			);
			name = dessertsAndDrinks;
			productName = dessertsAndDrinks;
			productReference = 30547E7B1E6A1BAE001758AF /* dessertsAndDrinks.app */;
			productType = "com.apple.product-type.application";
		};
/* End PBXNativeTarget section */

/* Begin PBXProject section */
		30547E731E6A1BAE001758AF /* Project object */ = {
			isa = PBXProject;
			attributes = {
				LastSwiftUpdateCheck = 0820;
				LastUpgradeCheck = 0820;
				ORGANIZATIONNAME = "Ihonahan Buitrago";
				TargetAttributes = {
					30547E7A1E6A1BAE001758AF = {
						CreatedOnToolsVersion = 8.2.1;
						ProvisioningStyle = Automatic;
					};
				};
			};
			buildConfigurationList = 30547E761E6A1BAE001758AF /* Build configuration list for PBXProject "dessertsAndDrinks" */;
			compatibilityVersion = "Xcode 3.2";
			developmentRegion = English;
			hasScannedForEncodings = 0;
			knownRegions = (
				en,
				Base,
			);
			mainGroup = 30547E721E6A1BAE001758AF;
			productRefGroup = 30547E7C1E6A1BAE001758AF /* Products */;
			projectDirPath = "";
			projectRoot = "";
			targets = (
				30547E7A1E6A1BAE001758AF /* dessertsAndDrinks */,
			);
		};
/* End PBXProject section */

/* Begin PBXResourcesBuildPhase section */
		30547E791E6A1BAE001758AF /* Resources */ = {
			isa = PBXResourcesBuildPhase;
			buildActionMask = 2147483647;
			files = (
				300EF2971E72DBAB00F70D0C /* Main.storyboard in Resources */,
				30547E861E6A1BAE001758AF /* Assets.xcassets in Resources */,
				300EF2991E72E4BD00F70D0C /* ItemButton.xib in Resources */,
				300EF2961E72DBAB00F70D0C /* LaunchScreen.storyboard in Resources */,
				300EF29B1E72E5A300F70D0C /* ButtonsScroller.xib in Resources */,
			);
			runOnlyForDeploymentPostprocessing = 0;
		};
/* End PBXResourcesBuildPhase section */

/* Begin PBXSourcesBuildPhase section */
		30547E771E6A1BAE001758AF /* Sources */ = {
			isa = PBXSourcesBuildPhase;
			buildActionMask = 2147483647;
			files = (
				30547E981E6DA30B001758AF /* DataSource.swift in Sources */,
				30547E811E6A1BAE001758AF /* ViewController.swift in Sources */,
				30B603071E816BCF002DE9FB /* ItemButton.swift in Sources */,
				30547E921E6A225E001758AF /* Dessert.swift in Sources */,
				30547E941E6D9B7F001758AF /* Drink.swift in Sources */,
				30547E7F1E6A1BAE001758AF /* AppDelegate.swift in Sources */,
				303B63B41E7B152D00466F9E /* Food.swift in Sources */,
				30547E961E6DA185001758AF /* Menu.swift in Sources */,
				30B603091E8177CA002DE9FB /* ButtonsScroller.swift in Sources */,
				303B63B01E7B126500466F9E /* DetailViewController.swift in Sources */,
				303B63B21E7B141500466F9E /* Enumerations.swift in Sources */,
			);
			runOnlyForDeploymentPostprocessing = 0;
		};
/* End PBXSourcesBuildPhase section */

/* Begin PBXVariantGroup section */
		300EF2921E72DBAB00F70D0C /* LaunchScreen.storyboard */ = {
			isa = PBXVariantGroup;
			children = (
				300EF2931E72DBAB00F70D0C /* Base */,
			);
			name = LaunchScreen.storyboard;
			sourceTree = "<group>";
		};
		300EF2941E72DBAB00F70D0C /* Main.storyboard */ = {
			isa = PBXVariantGroup;
			children = (
				300EF2951E72DBAB00F70D0C /* Base */,
			);
			name = Main.storyboard;
			sourceTree = "<group>";
		};
/* End PBXVariantGroup section */

/* Begin XCBuildConfiguration section */
		30547E8B1E6A1BAE001758AF /* Debug */ = {
			isa = XCBuildConfiguration;
			buildSettings = {
				ALWAYS_SEARCH_USER_PATHS = NO;
				CLANG_ANALYZER_NONNULL = YES;
				CLANG_CXX_LANGUAGE_STANDARD = "gnu++0x";
				CLANG_CXX_LIBRARY = "libc++";
				CLANG_ENABLE_MODULES = YES;
				CLANG_ENABLE_OBJC_ARC = YES;
				CLANG_WARN_BOOL_CONVERSION = YES;
				CLANG_WARN_CONSTANT_CONVERSION = YES;
				CLANG_WARN_DIRECT_OBJC_ISA_USAGE = YES_ERROR;
				CLANG_WARN_DOCUMENTATION_COMMENTS = YES;
				CLANG_WARN_EMPTY_BODY = YES;
				CLANG_WARN_ENUM_CONVERSION = YES;
				CLANG_WARN_INFINITE_RECURSION = YES;
				CLANG_WARN_INT_CONVERSION = YES;
				CLANG_WARN_OBJC_ROOT_CLASS = YES_ERROR;
				CLANG_WARN_SUSPICIOUS_MOVE = YES;
				CLANG_WARN_UNREACHABLE_CODE = YES;
				CLANG_WARN__DUPLICATE_METHOD_MATCH = YES;
				"CODE_SIGN_IDENTITY[sdk=iphoneos*]" = "iPhone Developer";
				COPY_PHASE_STRIP = NO;
				DEBUG_INFORMATION_FORMAT = dwarf;
				ENABLE_STRICT_OBJC_MSGSEND = YES;
				ENABLE_TESTABILITY = YES;
				GCC_C_LANGUAGE_STANDARD = gnu99;
				GCC_DYNAMIC_NO_PIC = NO;
				GCC_NO_COMMON_BLOCKS = YES;
				GCC_OPTIMIZATION_LEVEL = 0;
				GCC_PREPROCESSOR_DEFINITIONS = (
					"DEBUG=1",
					"$(inherited)",
				);
				GCC_WARN_64_TO_32_BIT_CONVERSION = YES;
				GCC_WARN_ABOUT_RETURN_TYPE = YES_ERROR;
				GCC_WARN_UNDECLARED_SELECTOR = YES;
				GCC_WARN_UNINITIALIZED_AUTOS = YES_AGGRESSIVE;
				GCC_WARN_UNUSED_FUNCTION = YES;
				GCC_WARN_UNUSED_VARIABLE = YES;
				IPHONEOS_DEPLOYMENT_TARGET = 10.2;
				MTL_ENABLE_DEBUG_INFO = YES;
				ONLY_ACTIVE_ARCH = YES;
				SDKROOT = iphoneos;
				SWIFT_ACTIVE_COMPILATION_CONDITIONS = DEBUG;
				SWIFT_OPTIMIZATION_LEVEL = "-Onone";
				TARGETED_DEVICE_FAMILY = "1,2";
			};
			name = Debug;
		};
		30547E8C1E6A1BAE001758AF /* Release */ = {
			isa = XCBuildConfiguration;
			buildSettings = {
				ALWAYS_SEARCH_USER_PATHS = NO;
				CLANG_ANALYZER_NONNULL = YES;
				CLANG_CXX_LANGUAGE_STANDARD = "gnu++0x";
				CLANG_CXX_LIBRARY = "libc++";
				CLANG_ENABLE_MODULES = YES;
				CLANG_ENABLE_OBJC_ARC = YES;
				CLANG_WARN_BOOL_CONVERSION = YES;
				CLANG_WARN_CONSTANT_CONVERSION = YES;
				CLANG_WARN_DIRECT_OBJC_ISA_USAGE = YES_ERROR;
				CLANG_WARN_DOCUMENTATION_COMMENTS = YES;
				CLANG_WARN_EMPTY_BODY = YES;
				CLANG_WARN_ENUM_CONVERSION = YES;
				CLANG_WARN_INFINITE_RECURSION = YES;
				CLANG_WARN_INT_CONVERSION = YES;
				CLANG_WARN_OBJC_ROOT_CLASS = YES_ERROR;
				CLANG_WARN_SUSPICIOUS_MOVE = YES;
				CLANG_WARN_UNREACHABLE_CODE = YES;
				CLANG_WARN__DUPLICATE_METHOD_MATCH = YES;
				"CODE_SIGN_IDENTITY[sdk=iphoneos*]" = "iPhone Developer";
				COPY_PHASE_STRIP = NO;
				DEBUG_INFORMATION_FORMAT = "dwarf-with-dsym";
				ENABLE_NS_ASSERTIONS = NO;
				ENABLE_STRICT_OBJC_MSGSEND = YES;
				GCC_C_LANGUAGE_STANDARD = gnu99;
				GCC_NO_COMMON_BLOCKS = YES;
				GCC_WARN_64_TO_32_BIT_CONVERSION = YES;
				GCC_WARN_ABOUT_RETURN_TYPE = YES_ERROR;
				GCC_WARN_UNDECLARED_SELECTOR = YES;
				GCC_WARN_UNINITIALIZED_AUTOS = YES_AGGRESSIVE;
				GCC_WARN_UNUSED_FUNCTION = YES;
				GCC_WARN_UNUSED_VARIABLE = YES;
				IPHONEOS_DEPLOYMENT_TARGET = 10.2;
				MTL_ENABLE_DEBUG_INFO = NO;
				SDKROOT = iphoneos;
				SWIFT_OPTIMIZATION_LEVEL = "-Owholemodule";
				TARGETED_DEVICE_FAMILY = "1,2";
				VALIDATE_PRODUCT = YES;
			};
			name = Release;
		};
		30547E8E1E6A1BAE001758AF /* Debug */ = {
			isa = XCBuildConfiguration;
			buildSettings = {
				ASSETCATALOG_COMPILER_APPICON_NAME = AppIcon;
				INFOPLIST_FILE = dessertsAndDrinks/Info.plist;
				LD_RUNPATH_SEARCH_PATHS = "$(inherited) @executable_path/Frameworks";
				PRODUCT_BUNDLE_IDENTIFIER = com.ihonahan.dessertsAndDrinks;
				PRODUCT_NAME = "$(TARGET_NAME)";
				SWIFT_VERSION = 3.0;
			};
			name = Debug;
		};
		30547E8F1E6A1BAE001758AF /* Release */ = {
			isa = XCBuildConfiguration;
			buildSettings = {
				ASSETCATALOG_COMPILER_APPICON_NAME = AppIcon;
				INFOPLIST_FILE = dessertsAndDrinks/Info.plist;
				LD_RUNPATH_SEARCH_PATHS = "$(inherited) @executable_path/Frameworks";
				PRODUCT_BUNDLE_IDENTIFIER = com.ihonahan.dessertsAndDrinks;
				PRODUCT_NAME = "$(TARGET_NAME)";
				SWIFT_VERSION = 3.0;
			};
			name = Release;
		};
/* End XCBuildConfiguration section */

/* Begin XCConfigurationList section */
		30547E761E6A1BAE001758AF /* Build configuration list for PBXProject "dessertsAndDrinks" */ = {
			isa = XCConfigurationList;
			buildConfigurations = (
				30547E8B1E6A1BAE001758AF /* Debug */,
				30547E8C1E6A1BAE001758AF /* Release */,
			);
			defaultConfigurationIsVisible = 0;
			defaultConfigurationName = Release;
		};
		30547E8D1E6A1BAE001758AF /* Build configuration list for PBXNativeTarget "dessertsAndDrinks" */ = {
			isa = XCConfigurationList;
			buildConfigurations = (
				30547E8E1E6A1BAE001758AF /* Debug */,
				30547E8F1E6A1BAE001758AF /* Release */,
			);
			defaultConfigurationIsVisible = 0;
			defaultConfigurationName = Release;
		};
/* End XCConfigurationList section */
	};
	rootObject = 30547E731E6A1BAE001758AF /* Project object */;
}
